
Microsoft Visual Studio Solution File, Format Version 12.00
# Visual Studio 15
VisualStudioVersion = 15.0.28307.489
MinimumVisualStudioVersion = 10.0.40219.1
Project("{FAE04EC0-301F-11D3-BF4B-00C04F79EFBC}") = "Usuwarka", "Usuwarka\Usuwarka.csproj", "{37178F7D-2363-4780-9FCD-74558863D652}"
EndProject
Global
	GlobalSection(SolutionConfigurationPlatforms) = preSolution
		Debug|Any CPU = Debug|Any CPU
		Release|Any CPU = Release|Any CPU
	EndGlobalSection
	GlobalSection(ProjectConfigurationPlatforms) = postSolution
		{37178F7D-2363-4780-9FCD-74558863D652}.Debug|Any CPU.ActiveCfg = Debug|Any CPU
		{37178F7D-2363-4780-9FCD-74558863D652}.Debug|Any CPU.Build.0 = Debug|Any CPU
		{37178F7D-2363-4780-9FCD-74558863D652}.Release|Any CPU.ActiveCfg = Release|Any CPU
		{37178F7D-2363-4780-9FCD-74558863D652}.Release|Any CPU.Build.0 = Release|Any CPU
	EndGlobalSection
	GlobalSection(SolutionProperties) = preSolution
		HideSolutionNode = FALSE
	EndGlobalSection
	GlobalSection(ExtensibilityGlobals) = postSolution
		SolutionGuid = {5F16DE65-2A35-49C7-A1A6-D20BF1DA1517}
	EndGlobalSection
EndGlobal
